Microsoft Visual Studio Solution File, Format Version 12.00
# Visual Studio Version 17
VisualStudioVersion = 17.5.2.0
MinimumVisualStudioVersion = 10.0.40219.1
Project("{FAE04EC0-301F-11D3-BF4B-00C04F79EFBC}") = "BackendApi", "BackendApi.csproj", "{D8F7FC7C-9E27-2B44-BBCE-ADD900D60E12}"
EndProject
Global
	GlobalSection(SolutionConfigurationPlatforms) = preSolution
		Debug|Any CPU = Debug|Any CPU
		Release|Any CPU = Release|Any CPU
	EndGlobalSection
	GlobalSection(ProjectConfigurationPlatforms) = postSolution
		{D8F7FC7C-9E27-2B44-BBCE-ADD900D60E12}.Debug|Any CPU.ActiveCfg = Debug|Any CPU
		{D8F7FC7C-9E27-2B44-BBCE-ADD900D60E12}.Debug|Any CPU.Build.0 = Debug|Any CPU
		{D8F7FC7C-9E27-2B44-BBCE-ADD900D60E12}.Release|Any CPU.ActiveCfg = Release|Any CPU
		{D8F7FC7C-9E27-2B44-BBCE-ADD900D60E12}.Release|Any CPU.Build.0 = Release|Any CPU
	EndGlobalSection
	GlobalSection(SolutionProperties) = preSolution
		HideSolutionNode = FALSE
	EndGlobalSection
	GlobalSection(ExtensibilityGlobals) = postSolution
		SolutionGuid = {C52AA4C3-2975-46F9-A1AB-42F67ECA1829}
	EndGlobalSection
EndGlobal
